
Microsoft Visual Studio Solution File, Format Version 12.00
# Visual Studio 14
VisualStudioVersion = 14.0.25420.1
MinimumVisualStudioVersion = 10.0.40219.1
Project("{FAE04EC0-301F-11D3-BF4B-00C04F79EFBC}") = "ProgettoBirra", "ProgettoBirra\ProgettoBirra.csproj", "{BE88753A-00C0-44A8-859B-806E6C5AA318}"
EndProject
Project("{2150E333-8FDC-42A3-9474-1A3956D46DE8}") = "Solution Items", "Solution Items", "{F11BA4EB-196C-4915-9CAA-5AE32B4F783C}"
	ProjectSection(SolutionItems) = preProject
		Performance1.psess = Performance1.psess
	EndProjectSection
EndProject
Global
	GlobalSection(SolutionConfigurationPlatforms) = preSolution
		Debug|Any CPU = Debug|Any CPU
		Release|Any CPU = Release|Any CPU
	EndGlobalSection
	GlobalSection(ProjectConfigurationPlatforms) = postSolution
		{BE88753A-00C0-44A8-859B-806E6C5AA318}.Debug|Any CPU.ActiveCfg = Debug|Any CPU
		{BE88753A-00C0-44A8-859B-806E6C5AA318}.Debug|Any CPU.Build.0 = Debug|Any CPU
		{BE88753A-00C0-44A8-859B-806E6C5AA318}.Release|Any CPU.ActiveCfg = Release|Any CPU
		{BE88753A-00C0-44A8-859B-806E6C5AA318}.Release|Any CPU.Build.0 = Release|Any CPU
		{BE88753A-00C0-44A8-859B-806E6C5AA318}.Release|Any CPU.Deploy.0 = Release|Any CPU
	EndGlobalSection
	GlobalSection(SolutionProperties) = preSolution
		HideSolutionNode = FALSE
	EndGlobalSection
	GlobalSection(ExtensibilityGlobals) = postSolution
		SolutionGuid = {0E41A322-A1B5-49F4-B7CE-7E4C32B02704}
	EndGlobalSection
EndGlobal
